
Microsoft Visual Studio Solution File, Format Version 12.00
#
Project("{2150E333-8FDC-42A3-9474-1A3956D46DE8}") = "Tests", "Tests", "{7C9B932B-6C76-4757-ACA4-969598F87785}"
EndProject
Project("{FAE04EC0-301F-11D3-BF4B-00C04F79EFBC}") = "AmortizationCalculators.BusinessLogic", "AmortizationCalculators.BusinessLogic\AmortizationCalculators.BusinessLogic.csproj", "{6A980BC3-3D75-454A-BE4F-51011E44CD2F}"
EndProject
Project("{FAE04EC0-301F-11D3-BF4B-00C04F79EFBC}") = "AmortizationCalculators.BusinessLogicTests", "tests\AmortizationCalculators.BusinessLogicTests\AmortizationCalculators.BusinessLogicTests.csproj", "{1C02E531-8D4F-41F2-8729-0579C92D1E42}"
EndProject
Global
	GlobalSection(SolutionConfigurationPlatforms) = preSolution
		Debug|Any CPU = Debug|Any CPU
		Release|Any CPU = Release|Any CPU
	EndGlobalSection
	GlobalSection(ProjectConfigurationPlatforms) = postSolution
		{6A980BC3-3D75-454A-BE4F-51011E44CD2F}.Debug|Any CPU.ActiveCfg = Debug|Any CPU
		{6A980BC3-3D75-454A-BE4F-51011E44CD2F}.Debug|Any CPU.Build.0 = Debug|Any CPU
		{6A980BC3-3D75-454A-BE4F-51011E44CD2F}.Release|Any CPU.ActiveCfg = Release|Any CPU
		{6A980BC3-3D75-454A-BE4F-51011E44CD2F}.Release|Any CPU.Build.0 = Release|Any CPU
		{1C02E531-8D4F-41F2-8729-0579C92D1E42}.Debug|Any CPU.ActiveCfg = Debug|Any CPU
		{1C02E531-8D4F-41F2-8729-0579C92D1E42}.Debug|Any CPU.Build.0 = Debug|Any CPU
		{1C02E531-8D4F-41F2-8729-0579C92D1E42}.Release|Any CPU.ActiveCfg = Release|Any CPU
		{1C02E531-8D4F-41F2-8729-0579C92D1E42}.Release|Any CPU.Build.0 = Release|Any CPU
	EndGlobalSection
	GlobalSection(NestedProjects) = preSolution
		{1C02E531-8D4F-41F2-8729-0579C92D1E42} = {7C9B932B-6C76-4757-ACA4-969598F87785}
	EndGlobalSection
EndGlobal
